
Microsoft Visual Studio Solution File, Format Version 12.00
# Visual Studio Version 16
VisualStudioVersion = 16.0.31019.35
MinimumVisualStudioVersion = 10.0.40219.1
Project("{FAE04EC0-301F-11D3-BF4B-00C04F79EFBC}") = "Estudos_CS_NET_Core", "Estudos_CS_NET_Core\Estudos_CS_NET_Core.csproj", "{47CB711F-0AA2-4A06-B807-4D42CD5C943F}"
EndProject
Global
	GlobalSection(SolutionConfigurationPlatforms) = preSolution
		Debug|Any CPU = Debug|Any CPU
		Release|Any CPU = Release|Any CPU
	EndGlobalSection
	GlobalSection(ProjectConfigurationPlatforms) = postSolution
		{47CB711F-0AA2-4A06-B807-4D42CD5C943F}.Debug|Any CPU.ActiveCfg = Debug|Any CPU
		{47CB711F-0AA2-4A06-B807-4D42CD5C943F}.Debug|Any CPU.Build.0 = Debug|Any CPU
		{47CB711F-0AA2-4A06-B807-4D42CD5C943F}.Release|Any CPU.ActiveCfg = Release|Any CPU
		{47CB711F-0AA2-4A06-B807-4D42CD5C943F}.Release|Any CPU.Build.0 = Release|Any CPU
	EndGlobalSection
	GlobalSection(SolutionProperties) = preSolution
		HideSolutionNode = FALSE
	EndGlobalSection
	GlobalSection(ExtensibilityGlobals) = postSolution
		SolutionGuid = {E4304A74-4490-4730-A18C-41E795B332DF}
	EndGlobalSection
EndGlobal
